
Microsoft Visual Studio Solution File, Format Version 12.00
# Visual Studio Version 17
VisualStudioVersion = 17.1.32328.378
MinimumVisualStudioVersion = 10.0.40219.1
Project("{FAE04EC0-301F-11D3-BF4B-00C04F79EFBC}") = "2ndHomework", "2ndHomework\2ndHomework.csproj", "{4CF868E1-BB26-4A1F-BCD9-71239360F7D9}"
EndProject
Global
	GlobalSection(SolutionConfigurationPlatforms) = preSolution
		Debug|Any CPU = Debug|Any CPU
		Release|Any CPU = Release|Any CPU
	EndGlobalSection
	GlobalSection(ProjectConfigurationPlatforms) = postSolution
		{4CF868E1-BB26-4A1F-BCD9-71239360F7D9}.Debug|Any CPU.ActiveCfg = Debug|Any CPU
		{4CF868E1-BB26-4A1F-BCD9-71239360F7D9}.Debug|Any CPU.Build.0 = Debug|Any CPU
		{4CF868E1-BB26-4A1F-BCD9-71239360F7D9}.Release|Any CPU.ActiveCfg = Release|Any CPU
		{4CF868E1-BB26-4A1F-BCD9-71239360F7D9}.Release|Any CPU.Build.0 = Release|Any CPU
	EndGlobalSection
	GlobalSection(SolutionProperties) = preSolution
		HideSolutionNode = FALSE
	EndGlobalSection
	GlobalSection(ExtensibilityGlobals) = postSolution
		SolutionGuid = {A85BC935-46BA-446B-90E6-1F3FEBA6BAF0}
	EndGlobalSection
EndGlobal
